// !$*UTF8*$!
{
	archiveVersion = 1;
	classes = {
	};
	objectVersion = 48;
	objects = {

/* Begin PBXBuildFile section */
		01C9A64CB2A14CE2BA31EF3C /* ShareCardFit.swift in Sources */ = {isa = PBXBuildFile; fileRef = 84C067CF47FE4EF98156D63B /* ShareCardFit.swift */; };
		2D8537801D524F92AD0DC0E1 /* ShareCardPreviewView.swift in Sources */ = {isa = PBXBuildFile; fileRef = 2F3557121F0B41B58127F66C /* ShareCardPreviewView.swift */; };
		C7797AB83FA868F309A3C6E4 /* ToastCenter.swift in Sources */ = {isa = PBXBuildFile; fileRef = D1DF5EBF25D412D9AF42022A /* ToastCenter.swift */; };
		B6C117FD8B2821FAC8048A9E /* ToastView.swift in Sources */ = {isa = PBXBuildFile; fileRef = C3AF9ED2E1D7DC8013E32223 /* ToastView.swift */; };
		01DCBA17072947A3BF88E2BC /* AppBackgroundModifier.swift in Sources */ = {isa = PBXBuildFile; fileRef = F30EFBE169DD4CDEA5B3D845 /* AppBackgroundModifier.swift */; };
		7542417744364A3390572D94 /* CardStyleModifier.swift in Sources */ = {isa = PBXBuildFile; fileRef = B3BC4B9F8AB941319D51CD07 /* CardStyleModifier.swift */; };
		0D2668A4B66298DE5DE21DB3 /* GoogleMobileAds in Frameworks */ = {isa = PBXBuildFile; productRef = 9F5B0ED11955BDD9A78FDC90 /* GoogleMobileAds */; };
		B14899FC74F2DBE066D3A4EB /* AdConfig.swift in Sources */ = {isa = PBXBuildFile; fileRef = BAD09F3DE24955F9A184B234 /* AdConfig.swift */; };
		D8BF15C2C5471CFCB4340807 /* AdManager.swift in Sources */ = {isa = PBXBuildFile; fileRef = 044F2884988C01F4FD460A1E /* AdManager.swift */; };
		7F4D1D7169BE3317664EBF2D /* NativeAdCard.swift in Sources */ = {isa = PBXBuildFile; fileRef = C8797FBFC6E2B343F6974BBD /* NativeAdCard.swift */; };
		510D4DFC7F4806BDFE4BE3B4 /* RemoveAdsStore.swift in Sources */ = {isa = PBXBuildFile; fileRef = C802E6CE92C7E83E04DBEA81 /* RemoveAdsStore.swift */; };
		2ED7FF0273944A0995F70D73 /* ConsentManager.swift in Sources */ = {isa = PBXBuildFile; fileRef = 13AC339D5342402D97D6DCC7 /* ConsentManager.swift */; };
		9F3B761D38314976B291FC22 /* ShareCardBackground.swift in Sources */ = {isa = PBXBuildFile; fileRef = D1598FD94C60461AADFCB6A9 /* ShareCardBackground.swift */; };
		9BDC21C2BF9944EC94B39B76 /* ShareCardView.swift in Sources */ = {isa = PBXBuildFile; fileRef = E29B4CC09D684E2195AD79C6 /* ShareCardView.swift */; };
		B7CC96DBF91F4FB8BF952362 /* ShareOptionsSheet.swift in Sources */ = {isa = PBXBuildFile; fileRef = 6CE0CF90B2204928913B3FC8 /* ShareOptionsSheet.swift */; };
		3DA9418454F346AAB6197C12 /* share_bg_01_emerald.png in Resources */ = {isa = PBXBuildFile; fileRef = BDDDAEFD97D04E8EB4651EA5 /* share_bg_01_emerald.png */; };
		EE51B933DB5D42D0BF019F19 /* share_bg_02_navy_gold.png in Resources */ = {isa = PBXBuildFile; fileRef = 6A3CA475C5F24C2B83D25DE5 /* share_bg_02_navy_gold.png */; };
		80EC3BCBA2B542BD914B020A /* share_bg_03_charcoal_crescent.png in Resources */ = {isa = PBXBuildFile; fileRef = DBB53CAAE0C244A28E29D6D9 /* share_bg_03_charcoal_crescent.png */; };
		8B2002AF52DC4766812532EE /* share_bg_04_sand_dome.png in Resources */ = {isa = PBXBuildFile; fileRef = 1C712F13960C402986EBAF93 /* share_bg_04_sand_dome.png */; };
		9D7FB1DC24D3474093707AEB /* share_bg_05_rose_rosette.png in Resources */ = {isa = PBXBuildFile; fileRef = D6910BD43D824C0AAB6B26EF /* share_bg_05_rose_rosette.png */; };
		C18F11E9B6934633BB8695BF /* share_bg_06_teal_crescent.png in Resources */ = {isa = PBXBuildFile; fileRef = 4AD0C949D35E4BEB964B3155 /* share_bg_06_teal_crescent.png */; };
		94024F03F6464E9188C64084 /* share_bg_07_burgundy_geometric.png in Resources */ = {isa = PBXBuildFile; fileRef = 5BB4AA0BDCC5452ABBC9E434 /* share_bg_07_burgundy_geometric.png */; };
		50EB40B3CDF2432C9469B740 /* share_bg_08_sage_dome.png in Resources */ = {isa = PBXBuildFile; fileRef = 52A71CA9B5EE42D3ABE5E371 /* share_bg_08_sage_dome.png */; };
		1F1942B0C7EE46BF9C41EBD5 /* share_bg_09_plum_geometric.png in Resources */ = {isa = PBXBuildFile; fileRef = F3EC4FC2B21F417A8A98E347 /* share_bg_09_plum_geometric.png */; };
		3E4350E54CE648CA946129E8 /* share_bg_10_gold_rosette.png in Resources */ = {isa = PBXBuildFile; fileRef = 97B9D14417EC48BAB4F53065 /* share_bg_10_gold_rosette.png */; };
		56DF4884958CEF7605851911 /* ThemeStore.swift in Sources */ = {isa = PBXBuildFile; fileRef = 69CF4B84B97839655797EBC1 /* ThemeStore.swift */; };
		63C1E1AC6FBE40DDBED4DCBD /* TypographyStore.swift in Sources */ = {isa = PBXBuildFile; fileRef = F814F1F3A130424F98CC2C88 /* TypographyStore.swift */; };
		03544FAAB82DAEF1E2BB32DF /* hadith_ar.json.zlib in Resources */ = {isa = PBXBuildFile; fileRef = D6874971805FB3A33EEE79D7 /* hadith_ar.json.zlib */; };
		04D247619DF6AD57D2E003AC /* HadithEnglishApp.swift in Sources */ = {isa = PBXBuildFile; fileRef = 92894C06972F9D5781D1B009 /* HadithEnglishApp.swift */; };
		084A49238E21465D88182072 /* HadithDetailView.swift in Sources */ = {isa = PBXBuildFile; fileRef = D48B4C6C90D77A3250975149 /* HadithDetailView.swift */; };
		16C9439A99E9410D346124BB /* AppLanguage.swift in Sources */ = {isa = PBXBuildFile; fileRef = CCB24C84899AA7DF8BD0BD49 /* AppLanguage.swift */; };
		237E4B3A822F418D5E2687FC /* LanguageStore.swift in Sources */ = {isa = PBXBuildFile; fileRef = DE714BFA8B5ABD49D30148E3 /* LanguageStore.swift */; };
		26224ABEBF65EEEA83F9804A /* HadithCardView.swift in Sources */ = {isa = PBXBuildFile; fileRef = D5A24BACBBD931BF0F1D2930 /* HadithCardView.swift */; };
		2EC74679B8F7D7CC3B8A9201 /* hadith_en.json.zlib in Resources */ = {isa = PBXBuildFile; fileRef = FA544C1D875C2199D531E309 /* hadith_en.json.zlib */; };
		32C54E69B6544506DF60B567 /* hadith_tr.json.zlib in Resources */ = {isa = PBXBuildFile; fileRef = 30914AE7B87B28F22DB562D0 /* hadith_tr.json.zlib */; };
		8C7F6FD0FB924F058A1C775B /* hadith_id.json.zlib in Resources */ = {isa = PBXBuildFile; fileRef = EAF756D9361B470BAAD062B5 /* hadith_id.json.zlib */; };
		6DC2E7A9D1FB4F3DB7350A05 /* hadith_ur.json.zlib in Resources */ = {isa = PBXBuildFile; fileRef = A1E659846A13432281DCC6CA /* hadith_ur.json.zlib */; };
		340D42A8A32486AC68AB30A8 /* NotificationStore.swift in Sources */ = {isa = PBXBuildFile; fileRef = 064342C5A1701BC6CC28CD52 /* NotificationStore.swift */; };
		459044CAA231236E9BD29CFA /* HomeView.swift in Sources */ = {isa = PBXBuildFile; fileRef = 1AE64D878BD16DC86F0051E3 /* HomeView.swift */; };
		63B2E4D22049A9AD001513AD /* None in Resources */ = {isa = PBXBuildFile; fileRef = 63B2E4D02049A9AD001513AD; };
		63B2E4D52049A9AD001513AD /* None in Sources */ = {isa = PBXBuildFile; fileRef = 63B2E4D32049A9AD001513AD; };
		63B2E4D72049A9AD001513AD /* Assets.xcassets in Resources */ = {isa = PBXBuildFile; fileRef = 63B2E4D62049A9AD001513AD /* Assets.xcassets */; };
		63B2E4DA2049A9AD001513AD /* LaunchScreen.storyboard in Resources */ = {isa = PBXBuildFile; fileRef = 63B2E4D82049A9AD001513AD /* LaunchScreen.storyboard */; };
		EF43579527CE44479284ABE5 /* InfoPlist.strings in Resources */ = {isa = PBXBuildFile; fileRef = 5DAB4F69D7394811AAC534AA /* InfoPlist.strings */; };
		65D043E6AB3A6372D89CC3E7 /* StreakStore.swift in Sources */ = {isa = PBXBuildFile; fileRef = A41C4B298E4FAC55867722AB /* StreakStore.swift */; };
		6D4F4BF691AE227F571E98D7 /* TabRouter.swift in Sources */ = {isa = PBXBuildFile; fileRef = 73B046FE8CF90E3628204AC6 /* TabRouter.swift */; };
		768147C58234655F1DC71A2B /* SettingsView.swift in Sources */ = {isa = PBXBuildFile; fileRef = 97DC433C9DF9969385760ED8 /* SettingsView.swift */; };
		928E4C2CAA5955270909544C /* LastReadStore.swift in Sources */ = {isa = PBXBuildFile; fileRef = 5C6A4D00868509D91F3D6CFD /* LastReadStore.swift */; };
		998841F19BE79D82D0F5BCB3 /* FavoritesStore.swift in Sources */ = {isa = PBXBuildFile; fileRef = 68F647BBA0A2884C7ECFB715 /* FavoritesStore.swift */; };
		A2504BC4967E6B90BCE99827 /* ActivityShareSheet.swift in Sources */ = {isa = PBXBuildFile; fileRef = 73A54BD1A91FE5DE664A55AE /* ActivityShareSheet.swift */; };
		A2584A97B9E5EBFB880A6393 /* SubjectsListView.swift in Sources */ = {isa = PBXBuildFile; fileRef = 697942B99F68CD7E35E9CF42 /* SubjectsListView.swift */; };
		7BC3A27C3F474EDC9822B30F /* HadithSearchView.swift in Sources */ = {isa = PBXBuildFile; fileRef = B83F1BE0424242F6BA5D4508 /* HadithSearchView.swift */; };
		B3054C1D950C07BEC45C5072 /* BookIcons.swift in Sources */ = {isa = PBXBuildFile; fileRef = F6D649A0A55D72648C3FFB8C /* BookIcons.swift */; };
		C5B843858C89E884AB751AF5 /* HadithOfDay.swift in Sources */ = {isa = PBXBuildFile; fileRef = E3944F83AE8B3CC4667D33EC /* HadithOfDay.swift */; };
		CF9C4F01885CBF6D198323FD /* HadithContentStore.swift in Sources */ = {isa = PBXBuildFile; fileRef = F0C94875B3C0108E609A7A7C /* HadithContentStore.swift */; };
		EFEF44C691469E217CD5AC23 /* PrivacyInfo.xcprivacy in Resources */ = {isa = PBXBuildFile; fileRef = B4DD4830AF0C832A76D4BA37 /* PrivacyInfo.xcprivacy */; };
		F39D43BEADC4BE937862E774 /* HadithModels.swift in Sources */ = {isa = PBXBuildFile; fileRef = 4826402AB97B064E886F5A1F /* HadithModels.swift */; };
		F4A14676B20780BDCD654575 /* FavoritesView.swift in Sources */ = {isa = PBXBuildFile; fileRef = A833438ABC6E36815EFEB928 /* FavoritesView.swift */; };
/* End PBXBuildFile section */

/* Begin PBXFileReference section */
		84C067CF47FE4EF98156D63B /* ShareCardFit.swift */ = {isa = PBXFileReference; lastKnownFileType = sourcecode.swift; name = ShareCardFit.swift; path = HadithEnglish/Models/ShareCardFit.swift; sourceTree = SOURCE_ROOT; };
		2F3557121F0B41B58127F66C /* ShareCardPreviewView.swift */ = {isa = PBXFileReference; lastKnownFileType = sourcecode.swift; name = ShareCardPreviewView.swift; path = HadithEnglish/Views/ShareCardPreviewView.swift; sourceTree = SOURCE_ROOT; };
		D1DF5EBF25D412D9AF42022A /* ToastCenter.swift */ = {isa = PBXFileReference; lastKnownFileType = sourcecode.swift; name = ToastCenter.swift; path = HadithEnglish/Stores/ToastCenter.swift; sourceTree = SOURCE_ROOT; };
		C3AF9ED2E1D7DC8013E32223 /* ToastView.swift */ = {isa = PBXFileReference; lastKnownFileType = sourcecode.swift; name = ToastView.swift; path = HadithEnglish/Views/ToastView.swift; sourceTree = SOURCE_ROOT; };
		F30EFBE169DD4CDEA5B3D845 /* AppBackgroundModifier.swift */ = {isa = PBXFileReference; lastKnownFileType = sourcecode.swift; name = AppBackgroundModifier.swift; path = HadithEnglish/Views/AppBackgroundModifier.swift; sourceTree = SOURCE_ROOT; };
		B3BC4B9F8AB941319D51CD07 /* CardStyleModifier.swift */ = {isa = PBXFileReference; lastKnownFileType = sourcecode.swift; name = CardStyleModifier.swift; path = HadithEnglish/Views/CardStyleModifier.swift; sourceTree = SOURCE_ROOT; };
		BAD09F3DE24955F9A184B234 /* AdConfig.swift */ = {isa = PBXFileReference; lastKnownFileType = sourcecode.swift; name = AdConfig.swift; path = HadithEnglish/Models/AdConfig.swift; sourceTree = SOURCE_ROOT; };
		044F2884988C01F4FD460A1E /* AdManager.swift */ = {isa = PBXFileReference; lastKnownFileType = sourcecode.swift; name = AdManager.swift; path = HadithEnglish/Stores/AdManager.swift; sourceTree = SOURCE_ROOT; };
		C8797FBFC6E2B343F6974BBD /* NativeAdCard.swift */ = {isa = PBXFileReference; lastKnownFileType = sourcecode.swift; name = NativeAdCard.swift; path = HadithEnglish/Views/NativeAdCard.swift; sourceTree = SOURCE_ROOT; };
		C802E6CE92C7E83E04DBEA81 /* RemoveAdsStore.swift */ = {isa = PBXFileReference; lastKnownFileType = sourcecode.swift; name = RemoveAdsStore.swift; path = HadithEnglish/Stores/RemoveAdsStore.swift; sourceTree = SOURCE_ROOT; };
		13AC339D5342402D97D6DCC7 /* ConsentManager.swift */ = {isa = PBXFileReference; lastKnownFileType = sourcecode.swift; name = ConsentManager.swift; path = HadithEnglish/Stores/ConsentManager.swift; sourceTree = SOURCE_ROOT; };
		D1598FD94C60461AADFCB6A9 /* ShareCardBackground.swift */ = {isa = PBXFileReference; lastKnownFileType = sourcecode.swift; name = ShareCardBackground.swift; path = HadithEnglish/Models/ShareCardBackground.swift; sourceTree = SOURCE_ROOT; };
		E29B4CC09D684E2195AD79C6 /* ShareCardView.swift */ = {isa = PBXFileReference; lastKnownFileType = sourcecode.swift; name = ShareCardView.swift; path = HadithEnglish/Views/ShareCardView.swift; sourceTree = SOURCE_ROOT; };
		6CE0CF90B2204928913B3FC8 /* ShareOptionsSheet.swift */ = {isa = PBXFileReference; lastKnownFileType = sourcecode.swift; name = ShareOptionsSheet.swift; path = HadithEnglish/Views/ShareOptionsSheet.swift; sourceTree = SOURCE_ROOT; };
		BDDDAEFD97D04E8EB4651EA5 /* share_bg_01_emerald.png */ = {isa = PBXFileReference; lastKnownFileType = image.png; name = share_bg_01_emerald.png; path = HadithEnglish/ShareBackgrounds/share_bg_01_emerald.png; sourceTree = SOURCE_ROOT; };
		6A3CA475C5F24C2B83D25DE5 /* share_bg_02_navy_gold.png */ = {isa = PBXFileReference; lastKnownFileType = image.png; name = share_bg_02_navy_gold.png; path = HadithEnglish/ShareBackgrounds/share_bg_02_navy_gold.png; sourceTree = SOURCE_ROOT; };
		DBB53CAAE0C244A28E29D6D9 /* share_bg_03_charcoal_crescent.png */ = {isa = PBXFileReference; lastKnownFileType = image.png; name = share_bg_03_charcoal_crescent.png; path = HadithEnglish/ShareBackgrounds/share_bg_03_charcoal_crescent.png; sourceTree = SOURCE_ROOT; };
		1C712F13960C402986EBAF93 /* share_bg_04_sand_dome.png */ = {isa = PBXFileReference; lastKnownFileType = image.png; name = share_bg_04_sand_dome.png; path = HadithEnglish/ShareBackgrounds/share_bg_04_sand_dome.png; sourceTree = SOURCE_ROOT; };
		D6910BD43D824C0AAB6B26EF /* share_bg_05_rose_rosette.png */ = {isa = PBXFileReference; lastKnownFileType = image.png; name = share_bg_05_rose_rosette.png; path = HadithEnglish/ShareBackgrounds/share_bg_05_rose_rosette.png; sourceTree = SOURCE_ROOT; };
		4AD0C949D35E4BEB964B3155 /* share_bg_06_teal_crescent.png */ = {isa = PBXFileReference; lastKnownFileType = image.png; name = share_bg_06_teal_crescent.png; path = HadithEnglish/ShareBackgrounds/share_bg_06_teal_crescent.png; sourceTree = SOURCE_ROOT; };
		5BB4AA0BDCC5452ABBC9E434 /* share_bg_07_burgundy_geometric.png */ = {isa = PBXFileReference; lastKnownFileType = image.png; name = share_bg_07_burgundy_geometric.png; path = HadithEnglish/ShareBackgrounds/share_bg_07_burgundy_geometric.png; sourceTree = SOURCE_ROOT; };
		52A71CA9B5EE42D3ABE5E371 /* share_bg_08_sage_dome.png */ = {isa = PBXFileReference; lastKnownFileType = image.png; name = share_bg_08_sage_dome.png; path = HadithEnglish/ShareBackgrounds/share_bg_08_sage_dome.png; sourceTree = SOURCE_ROOT; };
		F3EC4FC2B21F417A8A98E347 /* share_bg_09_plum_geometric.png */ = {isa = PBXFileReference; lastKnownFileType = image.png; name = share_bg_09_plum_geometric.png; path = HadithEnglish/ShareBackgrounds/share_bg_09_plum_geometric.png; sourceTree = SOURCE_ROOT; };
		97B9D14417EC48BAB4F53065 /* share_bg_10_gold_rosette.png */ = {isa = PBXFileReference; lastKnownFileType = image.png; name = share_bg_10_gold_rosette.png; path = HadithEnglish/ShareBackgrounds/share_bg_10_gold_rosette.png; sourceTree = SOURCE_ROOT; };
		69CF4B84B97839655797EBC1 /* ThemeStore.swift */ = {isa = PBXFileReference; lastKnownFileType = sourcecode.swift; name = ThemeStore.swift; path = HadithEnglish/Stores/ThemeStore.swift; sourceTree = SOURCE_ROOT; };
		F814F1F3A130424F98CC2C88 /* TypographyStore.swift */ = {isa = PBXFileReference; lastKnownFileType = sourcecode.swift; name = TypographyStore.swift; path = HadithEnglish/Stores/TypographyStore.swift; sourceTree = SOURCE_ROOT; };
		064342C5A1701BC6CC28CD52 /* NotificationStore.swift */ = {isa = PBXFileReference; lastKnownFileType = sourcecode.swift; name = NotificationStore.swift; path = HadithEnglish/Stores/NotificationStore.swift; sourceTree = SOURCE_ROOT; };
		1AE64D878BD16DC86F0051E3 /* HomeView.swift */ = {isa = PBXFileReference; lastKnownFileType = sourcecode.swift; name = HomeView.swift; path = HadithEnglish/Views/HomeView.swift; sourceTree = SOURCE_ROOT; };
		30914AE7B87B28F22DB562D0 /* hadith_tr.json.zlib */ = {isa = PBXFileReference; lastKnownFileType = None; name = hadith_tr.json.zlib; path = HadithEnglish/hadith_tr.json.zlib; sourceTree = SOURCE_ROOT; };
		EAF756D9361B470BAAD062B5 /* hadith_id.json.zlib */ = {isa = PBXFileReference; lastKnownFileType = None; name = hadith_id.json.zlib; path = HadithEnglish/hadith_id.json.zlib; sourceTree = SOURCE_ROOT; };
		A1E659846A13432281DCC6CA /* hadith_ur.json.zlib */ = {isa = PBXFileReference; lastKnownFileType = None; name = hadith_ur.json.zlib; path = HadithEnglish/hadith_ur.json.zlib; sourceTree = SOURCE_ROOT; };
		4826402AB97B064E886F5A1F /* HadithModels.swift */ = {isa = PBXFileReference; lastKnownFileType = sourcecode.swift; name = HadithModels.swift; path = HadithEnglish/Models/HadithModels.swift; sourceTree = SOURCE_ROOT; };
		5C6A4D00868509D91F3D6CFD /* LastReadStore.swift */ = {isa = PBXFileReference; lastKnownFileType = sourcecode.swift; name = LastReadStore.swift; path = HadithEnglish/Stores/LastReadStore.swift; sourceTree = SOURCE_ROOT; };
		63B2E4C92049A9AD001513AD /* HadithEnglish.app */ = {isa = PBXFileReference; explicitFileType = wrapper.application; includeInIndex = 0; path = HadithEnglish.app; sourceTree = BUILT_PRODUCTS_DIR; };
		63B2E4D62049A9AD001513AD /* Assets.xcassets */ = {isa = PBXFileReference; lastKnownFileType = folder.assetcatalog; path = Assets.xcassets; sourceTree = "<group>"; };
		63B2E4D92049A9AD001513AD /* Base */ = {isa = PBXFileReference; lastKnownFileType = file.storyboard; name = Base; path = Base.lproj/LaunchScreen.storyboard; sourceTree = "<group>"; };
		2C109B51DB6C49DC8E1D4EED /* en */ = {isa = PBXFileReference; lastKnownFileType = text.plist.strings; name = en; path = en.lproj/InfoPlist.strings; sourceTree = "<group>"; };
		5254669557714877AC0F3D47 /* ar */ = {isa = PBXFileReference; lastKnownFileType = text.plist.strings; name = ar; path = ar.lproj/InfoPlist.strings; sourceTree = "<group>"; };
		0D49BAFD676147D99FCD0545 /* tr */ = {isa = PBXFileReference; lastKnownFileType = text.plist.strings; name = tr; path = tr.lproj/InfoPlist.strings; sourceTree = "<group>"; };
		8521AB2DBDB446978BEF0665 /* id */ = {isa = PBXFileReference; lastKnownFileType = text.plist.strings; name = id; path = id.lproj/InfoPlist.strings; sourceTree = "<group>"; };
		D96F1C7C56094BD688A1025A /* ur */ = {isa = PBXFileReference; lastKnownFileType = text.plist.strings; name = ur; path = ur.lproj/InfoPlist.strings; sourceTree = "<group>"; };
		63B2E4DB2049A9AD001513AD /* Info.plist */ = {isa = PBXFileReference; lastKnownFileType = text.plist.xml; path = Info.plist; sourceTree = "<group>"; };
		68F647BBA0A2884C7ECFB715 /* FavoritesStore.swift */ = {isa = PBXFileReference; lastKnownFileType = sourcecode.swift; name = FavoritesStore.swift; path = HadithEnglish/Stores/FavoritesStore.swift; sourceTree = SOURCE_ROOT; };
		697942B99F68CD7E35E9CF42 /* SubjectsListView.swift */ = {isa = PBXFileReference; lastKnownFileType = sourcecode.swift; name = SubjectsListView.swift; path = HadithEnglish/Views/SubjectsListView.swift; sourceTree = SOURCE_ROOT; };
		B83F1BE0424242F6BA5D4508 /* HadithSearchView.swift */ = {isa = PBXFileReference; lastKnownFileType = sourcecode.swift; name = HadithSearchView.swift; path = HadithEnglish/Views/HadithSearchView.swift; sourceTree = SOURCE_ROOT; };
		73A54BD1A91FE5DE664A55AE /* ActivityShareSheet.swift */ = {isa = PBXFileReference; lastKnownFileType = sourcecode.swift; name = ActivityShareSheet.swift; path = HadithEnglish/Views/ActivityShareSheet.swift; sourceTree = SOURCE_ROOT; };
		73B046FE8CF90E3628204AC6 /* TabRouter.swift */ = {isa = PBXFileReference; lastKnownFileType = sourcecode.swift; name = TabRouter.swift; path = HadithEnglish/Stores/TabRouter.swift; sourceTree = SOURCE_ROOT; };
		92894C06972F9D5781D1B009 /* HadithEnglishApp.swift */ = {isa = PBXFileReference; lastKnownFileType = sourcecode.swift; name = HadithEnglishApp.swift; path = HadithEnglish/HadithEnglishApp.swift; sourceTree = SOURCE_ROOT; };
		97DC433C9DF9969385760ED8 /* SettingsView.swift */ = {isa = PBXFileReference; lastKnownFileType = sourcecode.swift; name = SettingsView.swift; path = HadithEnglish/Views/SettingsView.swift; sourceTree = SOURCE_ROOT; };
		A41C4B298E4FAC55867722AB /* StreakStore.swift */ = {isa = PBXFileReference; lastKnownFileType = sourcecode.swift; name = StreakStore.swift; path = HadithEnglish/Stores/StreakStore.swift; sourceTree = SOURCE_ROOT; };
		A833438ABC6E36815EFEB928 /* FavoritesView.swift */ = {isa = PBXFileReference; lastKnownFileType = sourcecode.swift; name = FavoritesView.swift; path = HadithEnglish/Views/FavoritesView.swift; sourceTree = SOURCE_ROOT; };
		B4DD4830AF0C832A76D4BA37 /* PrivacyInfo.xcprivacy */ = {isa = PBXFileReference; lastKnownFileType = text.plist.xml; name = PrivacyInfo.xcprivacy; path = HadithEnglish/PrivacyInfo.xcprivacy; sourceTree = SOURCE_ROOT; };
		CCB24C84899AA7DF8BD0BD49 /* AppLanguage.swift */ = {isa = PBXFileReference; lastKnownFileType = sourcecode.swift; name = AppLanguage.swift; path = HadithEnglish/Models/AppLanguage.swift; sourceTree = SOURCE_ROOT; };
		D48B4C6C90D77A3250975149 /* HadithDetailView.swift */ = {isa = PBXFileReference; lastKnownFileType = sourcecode.swift; name = HadithDetailView.swift; path = HadithEnglish/Views/HadithDetailView.swift; sourceTree = SOURCE_ROOT; };
		D5A24BACBBD931BF0F1D2930 /* HadithCardView.swift */ = {isa = PBXFileReference; lastKnownFileType = sourcecode.swift; name = HadithCardView.swift; path = HadithEnglish/Views/HadithCardView.swift; sourceTree = SOURCE_ROOT; };
		D6874971805FB3A33EEE79D7 /* hadith_ar.json.zlib */ = {isa = PBXFileReference; lastKnownFileType = None; name = hadith_ar.json.zlib; path = HadithEnglish/hadith_ar.json.zlib; sourceTree = SOURCE_ROOT; };
		DE714BFA8B5ABD49D30148E3 /* LanguageStore.swift */ = {isa = PBXFileReference; lastKnownFileType = sourcecode.swift; name = LanguageStore.swift; path = HadithEnglish/Stores/LanguageStore.swift; sourceTree = SOURCE_ROOT; };
		E3944F83AE8B3CC4667D33EC /* HadithOfDay.swift */ = {isa = PBXFileReference; lastKnownFileType = sourcecode.swift; name = HadithOfDay.swift; path = HadithEnglish/Models/HadithOfDay.swift; sourceTree = SOURCE_ROOT; };
		F0C94875B3C0108E609A7A7C /* HadithContentStore.swift */ = {isa = PBXFileReference; lastKnownFileType = sourcecode.swift; name = HadithContentStore.swift; path = HadithEnglish/Stores/HadithContentStore.swift; sourceTree = SOURCE_ROOT; };
		F6D649A0A55D72648C3FFB8C /* BookIcons.swift */ = {isa = PBXFileReference; lastKnownFileType = sourcecode.swift; name = BookIcons.swift; path = HadithEnglish/Models/BookIcons.swift; sourceTree = SOURCE_ROOT; };
		FA544C1D875C2199D531E309 /* hadith_en.json.zlib */ = {isa = PBXFileReference; lastKnownFileType = None; name = hadith_en.json.zlib; path = HadithEnglish/hadith_en.json.zlib; sourceTree = SOURCE_ROOT; };
/* End PBXFileReference section */

/* Begin PBXFrameworksBuildPhase section */
		9B47905DE29CEF79FFF0593C /* Frameworks */ = {
			isa = PBXFrameworksBuildPhase;
			buildActionMask = 2147483647;
			files = (
				0D2668A4B66298DE5DE21DB3 /* GoogleMobileAds in Frameworks */,
			);
			runOnlyForDeploymentPostprocessing = 0;
		};
/* End PBXFrameworksBuildPhase section */

/* Begin PBXGroup section */
		63B2E4C02049A9AD001513AD = {
			isa = PBXGroup;
			children = (
				63B2E4CB2049A9AD001513AD /* HadithEnglish */,
				63B2E4CA2049A9AD001513AD /* Products */,
				4826402AB97B064E886F5A1F /* HadithModels.swift */,
				68F647BBA0A2884C7ECFB715 /* FavoritesStore.swift */,
				697942B99F68CD7E35E9CF42 /* SubjectsListView.swift */,
				B83F1BE0424242F6BA5D4508 /* HadithSearchView.swift */,
				D48B4C6C90D77A3250975149 /* HadithDetailView.swift */,
				A833438ABC6E36815EFEB928 /* FavoritesView.swift */,
				97DC433C9DF9969385760ED8 /* SettingsView.swift */,
				73A54BD1A91FE5DE664A55AE /* ActivityShareSheet.swift */,
				92894C06972F9D5781D1B009 /* HadithEnglishApp.swift */,
				B4DD4830AF0C832A76D4BA37 /* PrivacyInfo.xcprivacy */,
				D5A24BACBBD931BF0F1D2930 /* HadithCardView.swift */,
				CCB24C84899AA7DF8BD0BD49 /* AppLanguage.swift */,
				DE714BFA8B5ABD49D30148E3 /* LanguageStore.swift */,
				F0C94875B3C0108E609A7A7C /* HadithContentStore.swift */,
				A41C4B298E4FAC55867722AB /* StreakStore.swift */,
				5C6A4D00868509D91F3D6CFD /* LastReadStore.swift */,
				73B046FE8CF90E3628204AC6 /* TabRouter.swift */,
				1AE64D878BD16DC86F0051E3 /* HomeView.swift */,
				F6D649A0A55D72648C3FFB8C /* BookIcons.swift */,
				FA544C1D875C2199D531E309 /* hadith_en.json.zlib */,
				D6874971805FB3A33EEE79D7 /* hadith_ar.json.zlib */,
				30914AE7B87B28F22DB562D0 /* hadith_tr.json.zlib */,
				EAF756D9361B470BAAD062B5 /* hadith_id.json.zlib */,
				A1E659846A13432281DCC6CA /* hadith_ur.json.zlib */,
				BDDDAEFD97D04E8EB4651EA5 /* share_bg_01_emerald.png */,
				6A3CA475C5F24C2B83D25DE5 /* share_bg_02_navy_gold.png */,
				DBB53CAAE0C244A28E29D6D9 /* share_bg_03_charcoal_crescent.png */,
				1C712F13960C402986EBAF93 /* share_bg_04_sand_dome.png */,
				D6910BD43D824C0AAB6B26EF /* share_bg_05_rose_rosette.png */,
				4AD0C949D35E4BEB964B3155 /* share_bg_06_teal_crescent.png */,
				5BB4AA0BDCC5452ABBC9E434 /* share_bg_07_burgundy_geometric.png */,
				52A71CA9B5EE42D3ABE5E371 /* share_bg_08_sage_dome.png */,
				F3EC4FC2B21F417A8A98E347 /* share_bg_09_plum_geometric.png */,
				97B9D14417EC48BAB4F53065 /* share_bg_10_gold_rosette.png */,
				D1598FD94C60461AADFCB6A9 /* ShareCardBackground.swift */,
				E29B4CC09D684E2195AD79C6 /* ShareCardView.swift */,
				6CE0CF90B2204928913B3FC8 /* ShareOptionsSheet.swift */,
				84C067CF47FE4EF98156D63B /* ShareCardFit.swift */,
				2F3557121F0B41B58127F66C /* ShareCardPreviewView.swift */,
				D1DF5EBF25D412D9AF42022A /* ToastCenter.swift */,
				C3AF9ED2E1D7DC8013E32223 /* ToastView.swift */,
				F30EFBE169DD4CDEA5B3D845 /* AppBackgroundModifier.swift */,
				B3BC4B9F8AB941319D51CD07 /* CardStyleModifier.swift */,
				BAD09F3DE24955F9A184B234 /* AdConfig.swift */,
				044F2884988C01F4FD460A1E /* AdManager.swift */,
				C8797FBFC6E2B343F6974BBD /* NativeAdCard.swift */,
				C802E6CE92C7E83E04DBEA81 /* RemoveAdsStore.swift */,
				13AC339D5342402D97D6DCC7 /* ConsentManager.swift */,
				69CF4B84B97839655797EBC1,
				E3944F83AE8B3CC4667D33EC,
				064342C5A1701BC6CC28CD52,
				F814F1F3A130424F98CC2C88,
			);
			sourceTree = "<group>";
		};
		63B2E4CA2049A9AD001513AD /* Products */ = {
			isa = PBXGroup;
			children = (
				63B2E4C92049A9AD001513AD /* HadithEnglish.app */,
			);
			name = Products;
			sourceTree = "<group>";
		};
		63B2E4CB2049A9AD001513AD /* HadithEnglish */ = {
			isa = PBXGroup;
			children = (
				63B2E4DB2049A9AD001513AD /* Info.plist */,
				63B2E4D62049A9AD001513AD /* Assets.xcassets */,
				63B2E4D82049A9AD001513AD /* LaunchScreen.storyboard */,
				5DAB4F69D7394811AAC534AA /* InfoPlist.strings */,
			);
			path = HadithEnglish;
			sourceTree = "<group>";
		};
/* End PBXGroup section */

/* Begin PBXNativeTarget section */
		63B2E4C82049A9AD001513AD /* HadithEnglish */ = {
			isa = PBXNativeTarget;
			buildConfigurationList = 63B2E4DE2049A9AD001513AD /* Build configuration list for PBXNativeTarget "HadithEnglish" */;
			buildPhases = (
				63B2E4C52049A9AD001513AD /* Sources */,
				63B2E4C72049A9AD001513AD /* Resources */,
				9B47905DE29CEF79FFF0593C /* Frameworks */,
			);
			buildRules = (
			);
			dependencies = (
			);
			name = HadithEnglish;
			packageProductDependencies = (
				9F5B0ED11955BDD9A78FDC90 /* GoogleMobileAds */,
			);
			productName = HadithEnglish;
			productReference = 63B2E4C92049A9AD001513AD /* HadithEnglish.app */;
			productType = "com.apple.product-type.application";
		};
/* End PBXNativeTarget section */

/* Begin PBXProject section */
		63B2E4C12049A9AD001513AD /* Project object */ = {
			isa = PBXProject;
			attributes = {
				LastSwiftUpdateCheck = 0920;
				LastUpgradeCheck = 0920;
				ORGANIZATIONNAME = "Burak Öztırpan";
				TargetAttributes = {
					63B2E4C82049A9AD001513AD = {
						CreatedOnToolsVersion = 9.2;
						ProvisioningStyle = Automatic;
					};
				};
			};
			buildConfigurationList = 63B2E4C42049A9AD001513AD /* Build configuration list for PBXProject "HadithEnglish" */;
			compatibilityVersion = "Xcode 8.0";
			developmentRegion = en;
			hasScannedForEncodings = 0;
			knownRegions = (
				en,
				ar,
				tr,
				id,
				ur,
				Base,
			);
			mainGroup = 63B2E4C02049A9AD001513AD;
			packageReferences = (
				0A5C3D0D4B62075004EDD573 /* XCRemoteSwiftPackageReference "swift-package-manager-google-mobile-ads" */,
			);
			productRefGroup = 63B2E4CA2049A9AD001513AD /* Products */;
			projectDirPath = "";
			projectRoot = "";
			targets = (
				63B2E4C82049A9AD001513AD /* HadithEnglish */,
			);
		};
/* End PBXProject section */

/* Begin PBXResourcesBuildPhase section */
		63B2E4C72049A9AD001513AD /* Resources */ = {
			isa = PBXResourcesBuildPhase;
			buildActionMask = 2147483647;
			files = (
				63B2E4DA2049A9AD001513AD /* LaunchScreen.storyboard in Resources */,
				EF43579527CE44479284ABE5 /* InfoPlist.strings in Resources */,
				63B2E4D72049A9AD001513AD /* Assets.xcassets in Resources */,
				63B2E4D22049A9AD001513AD /* None in Resources */,
				EFEF44C691469E217CD5AC23 /* PrivacyInfo.xcprivacy in Resources */,
				2EC74679B8F7D7CC3B8A9201 /* hadith_en.json.zlib in Resources */,
				03544FAAB82DAEF1E2BB32DF /* hadith_ar.json.zlib in Resources */,
				32C54E69B6544506DF60B567 /* hadith_tr.json.zlib in Resources */,
				8C7F6FD0FB924F058A1C775B /* hadith_id.json.zlib in Resources */,
				6DC2E7A9D1FB4F3DB7350A05 /* hadith_ur.json.zlib in Resources */,
				3DA9418454F346AAB6197C12 /* share_bg_01_emerald.png in Resources */,
				EE51B933DB5D42D0BF019F19 /* share_bg_02_navy_gold.png in Resources */,
				80EC3BCBA2B542BD914B020A /* share_bg_03_charcoal_crescent.png in Resources */,
				8B2002AF52DC4766812532EE /* share_bg_04_sand_dome.png in Resources */,
				9D7FB1DC24D3474093707AEB /* share_bg_05_rose_rosette.png in Resources */,
				C18F11E9B6934633BB8695BF /* share_bg_06_teal_crescent.png in Resources */,
				94024F03F6464E9188C64084 /* share_bg_07_burgundy_geometric.png in Resources */,
				50EB40B3CDF2432C9469B740 /* share_bg_08_sage_dome.png in Resources */,
				1F1942B0C7EE46BF9C41EBD5 /* share_bg_09_plum_geometric.png in Resources */,
				3E4350E54CE648CA946129E8 /* share_bg_10_gold_rosette.png in Resources */,
			);
			runOnlyForDeploymentPostprocessing = 0;
		};
/* End PBXResourcesBuildPhase section */

/* Begin PBXSourcesBuildPhase section */
		63B2E4C52049A9AD001513AD /* Sources */ = {
			isa = PBXSourcesBuildPhase;
			buildActionMask = 2147483647;
			files = (
				63B2E4D52049A9AD001513AD /* None in Sources */,
				F39D43BEADC4BE937862E774 /* HadithModels.swift in Sources */,
				998841F19BE79D82D0F5BCB3 /* FavoritesStore.swift in Sources */,
				A2584A97B9E5EBFB880A6393 /* SubjectsListView.swift in Sources */,
				7BC3A27C3F474EDC9822B30F /* HadithSearchView.swift in Sources */,
				084A49238E21465D88182072 /* HadithDetailView.swift in Sources */,
				F4A14676B20780BDCD654575 /* FavoritesView.swift in Sources */,
				768147C58234655F1DC71A2B /* SettingsView.swift in Sources */,
				A2504BC4967E6B90BCE99827 /* ActivityShareSheet.swift in Sources */,
				04D247619DF6AD57D2E003AC /* HadithEnglishApp.swift in Sources */,
				26224ABEBF65EEEA83F9804A /* HadithCardView.swift in Sources */,
				16C9439A99E9410D346124BB /* AppLanguage.swift in Sources */,
				237E4B3A822F418D5E2687FC /* LanguageStore.swift in Sources */,
				CF9C4F01885CBF6D198323FD /* HadithContentStore.swift in Sources */,
				65D043E6AB3A6372D89CC3E7 /* StreakStore.swift in Sources */,
				928E4C2CAA5955270909544C /* LastReadStore.swift in Sources */,
				6D4F4BF691AE227F571E98D7 /* TabRouter.swift in Sources */,
				459044CAA231236E9BD29CFA /* HomeView.swift in Sources */,
				B3054C1D950C07BEC45C5072 /* BookIcons.swift in Sources */,
				56DF4884958CEF7605851911,
				C5B843858C89E884AB751AF5,
				340D42A8A32486AC68AB30A8,
				63C1E1AC6FBE40DDBED4DCBD,
				9F3B761D38314976B291FC22 /* ShareCardBackground.swift in Sources */,
				9BDC21C2BF9944EC94B39B76 /* ShareCardView.swift in Sources */,
				B7CC96DBF91F4FB8BF952362 /* ShareOptionsSheet.swift in Sources */,
				01C9A64CB2A14CE2BA31EF3C /* ShareCardFit.swift in Sources */,
				2D8537801D524F92AD0DC0E1 /* ShareCardPreviewView.swift in Sources */,
				C7797AB83FA868F309A3C6E4 /* ToastCenter.swift in Sources */,
				B6C117FD8B2821FAC8048A9E /* ToastView.swift in Sources */,
				01DCBA17072947A3BF88E2BC /* AppBackgroundModifier.swift in Sources */,
				7542417744364A3390572D94 /* CardStyleModifier.swift in Sources */,
				B14899FC74F2DBE066D3A4EB /* AdConfig.swift in Sources */,
				D8BF15C2C5471CFCB4340807 /* AdManager.swift in Sources */,
				7F4D1D7169BE3317664EBF2D /* NativeAdCard.swift in Sources */,
				510D4DFC7F4806BDFE4BE3B4 /* RemoveAdsStore.swift in Sources */,
				2ED7FF0273944A0995F70D73 /* ConsentManager.swift in Sources */,
			);
			runOnlyForDeploymentPostprocessing = 0;
		};
/* End PBXSourcesBuildPhase section */

/* Begin PBXVariantGroup section */
		63B2E4D82049A9AD001513AD /* LaunchScreen.storyboard */ = {
			isa = PBXVariantGroup;
			children = (
				63B2E4D92049A9AD001513AD /* Base */,
			);
			name = LaunchScreen.storyboard;
			sourceTree = "<group>";
		};
		5DAB4F69D7394811AAC534AA /* InfoPlist.strings */ = {
			isa = PBXVariantGroup;
			children = (
				2C109B51DB6C49DC8E1D4EED /* en */,
				5254669557714877AC0F3D47 /* ar */,
				0D49BAFD676147D99FCD0545 /* tr */,
				8521AB2DBDB446978BEF0665 /* id */,
				D96F1C7C56094BD688A1025A /* ur */,
			);
			name = InfoPlist.strings;
			sourceTree = "<group>";
		};
/* End PBXVariantGroup section */

/* Begin XCRemoteSwiftPackageReference section */
		0A5C3D0D4B62075004EDD573 /* XCRemoteSwiftPackageReference "swift-package-manager-google-mobile-ads" */ = {
			isa = XCRemoteSwiftPackageReference;
			repositoryURL = "https://github.com/googleads/swift-package-manager-google-mobile-ads";
			requirement = {
				kind = upToNextMajorVersion;
				minimumVersion = 11.0.0;
			};
		};
/* End XCRemoteSwiftPackageReference section */

/* Begin XCSwiftPackageProductDependency section */
		9F5B0ED11955BDD9A78FDC90 /* GoogleMobileAds */ = {
			isa = XCSwiftPackageProductDependency;
			package = 0A5C3D0D4B62075004EDD573 /* XCRemoteSwiftPackageReference "swift-package-manager-google-mobile-ads" */;
			productName = GoogleMobileAds;
		};
/* End XCSwiftPackageProductDependency section */

/* Begin XCBuildConfiguration section */
		63B2E4DC2049A9AD001513AD /* Debug */ = {
			isa = XCBuildConfiguration;
			buildSettings = {
				ALWAYS_SEARCH_USER_PATHS = NO;
				CLANG_ANALYZER_NONNULL = YES;
				CLANG_ANALYZER_NUMBER_OBJECT_CONVERSION = YES_AGGRESSIVE;
				CLANG_CXX_LANGUAGE_STANDARD = "gnu++14";
				CLANG_CXX_LIBRARY = "libc++";
				CLANG_ENABLE_MODULES = YES;
				CLANG_ENABLE_OBJC_ARC = YES;
				CLANG_WARN_BLOCK_CAPTURE_AUTORELEASING = YES;
				CLANG_WARN_BOOL_CONVERSION = YES;
				CLANG_WARN_COMMA = YES;
				CLANG_WARN_CONSTANT_CONVERSION = YES;
				CLANG_WARN_DIRECT_OBJC_ISA_USAGE = YES_ERROR;
				CLANG_WARN_DOCUMENTATION_COMMENTS = YES;
				CLANG_WARN_EMPTY_BODY = YES;
				CLANG_WARN_ENUM_CONVERSION = YES;
				CLANG_WARN_INFINITE_RECURSION = YES;
				CLANG_WARN_INT_CONVERSION = YES;
				CLANG_WARN_NON_LITERAL_NULL_CONVERSION = YES;
				CLANG_WARN_OBJC_LITERAL_CONVERSION = YES;
				CLANG_WARN_OBJC_ROOT_CLASS = YES_ERROR;
				CLANG_WARN_RANGE_LOOP_ANALYSIS = YES;
				CLANG_WARN_STRICT_PROTOTYPES = YES;
				CLANG_WARN_SUSPICIOUS_MOVE = YES;
				CLANG_WARN_UNGUARDED_AVAILABILITY = YES_AGGRESSIVE;
				CLANG_WARN_UNREACHABLE_CODE = YES;
				CLANG_WARN__DUPLICATE_METHOD_MATCH = YES;
				CODE_SIGN_IDENTITY = "iPhone Developer";
				COPY_PHASE_STRIP = NO;
				DEBUG_INFORMATION_FORMAT = dwarf;
				ENABLE_STRICT_OBJC_MSGSEND = YES;
				ENABLE_TESTABILITY = YES;
				GCC_C_LANGUAGE_STANDARD = gnu11;
				GCC_DYNAMIC_NO_PIC = NO;
				GCC_NO_COMMON_BLOCKS = YES;
				GCC_OPTIMIZATION_LEVEL = 0;
				GCC_PREPROCESSOR_DEFINITIONS = (
					"DEBUG=1",
					"$(inherited)",
				);
				GCC_WARN_64_TO_32_BIT_CONVERSION = YES;
				GCC_WARN_ABOUT_RETURN_TYPE = YES_ERROR;
				GCC_WARN_UNDECLARED_SELECTOR = YES;
				GCC_WARN_UNINITIALIZED_AUTOS = YES_AGGRESSIVE;
				GCC_WARN_UNUSED_FUNCTION = YES;
				GCC_WARN_UNUSED_VARIABLE = YES;
				IPHONEOS_DEPLOYMENT_TARGET = 16.0;
				MTL_ENABLE_DEBUG_INFO = YES;
				ONLY_ACTIVE_ARCH = YES;
				SDKROOT = iphoneos;
				SWIFT_ACTIVE_COMPILATION_CONDITIONS = DEBUG;
				SWIFT_OPTIMIZATION_LEVEL = "-Onone";
			};
			name = Debug;
		};
		63B2E4DD2049A9AD001513AD /* Release */ = {
			isa = XCBuildConfiguration;
			buildSettings = {
				ALWAYS_SEARCH_USER_PATHS = NO;
				CLANG_ANALYZER_NONNULL = YES;
				CLANG_ANALYZER_NUMBER_OBJECT_CONVERSION = YES_AGGRESSIVE;
				CLANG_CXX_LANGUAGE_STANDARD = "gnu++14";
				CLANG_CXX_LIBRARY = "libc++";
				CLANG_ENABLE_MODULES = YES;
				CLANG_ENABLE_OBJC_ARC = YES;
				CLANG_WARN_BLOCK_CAPTURE_AUTORELEASING = YES;
				CLANG_WARN_BOOL_CONVERSION = YES;
				CLANG_WARN_COMMA = YES;
				CLANG_WARN_CONSTANT_CONVERSION = YES;
				CLANG_WARN_DIRECT_OBJC_ISA_USAGE = YES_ERROR;
				CLANG_WARN_DOCUMENTATION_COMMENTS = YES;
				CLANG_WARN_EMPTY_BODY = YES;
				CLANG_WARN_ENUM_CONVERSION = YES;
				CLANG_WARN_INFINITE_RECURSION = YES;
				CLANG_WARN_INT_CONVERSION = YES;
				CLANG_WARN_NON_LITERAL_NULL_CONVERSION = YES;
				CLANG_WARN_OBJC_LITERAL_CONVERSION = YES;
				CLANG_WARN_OBJC_ROOT_CLASS = YES_ERROR;
				CLANG_WARN_RANGE_LOOP_ANALYSIS = YES;
				CLANG_WARN_STRICT_PROTOTYPES = YES;
				CLANG_WARN_SUSPICIOUS_MOVE = YES;
				CLANG_WARN_UNGUARDED_AVAILABILITY = YES_AGGRESSIVE;
				CLANG_WARN_UNREACHABLE_CODE = YES;
				CLANG_WARN__DUPLICATE_METHOD_MATCH = YES;
				CODE_SIGN_IDENTITY = "iPhone Developer";
				COPY_PHASE_STRIP = NO;
				DEBUG_INFORMATION_FORMAT = "dwarf-with-dsym";
				ENABLE_NS_ASSERTIONS = NO;
				ENABLE_STRICT_OBJC_MSGSEND = YES;
				GCC_C_LANGUAGE_STANDARD = gnu11;
				GCC_NO_COMMON_BLOCKS = YES;
				GCC_WARN_64_TO_32_BIT_CONVERSION = YES;
				GCC_WARN_ABOUT_RETURN_TYPE = YES_ERROR;
				GCC_WARN_UNDECLARED_SELECTOR = YES;
				GCC_WARN_UNINITIALIZED_AUTOS = YES_AGGRESSIVE;
				GCC_WARN_UNUSED_FUNCTION = YES;
				GCC_WARN_UNUSED_VARIABLE = YES;
				IPHONEOS_DEPLOYMENT_TARGET = 16.0;
				MTL_ENABLE_DEBUG_INFO = NO;
				SDKROOT = iphoneos;
				SWIFT_OPTIMIZATION_LEVEL = "-Owholemodule";
				VALIDATE_PRODUCT = YES;
			};
			name = Release;
		};
		63B2E4DF2049A9AD001513AD /* Debug */ = {
			isa = XCBuildConfiguration;
			buildSettings = {
				ASSETCATALOG_COMPILER_APPICON_NAME = AppIcon;
				CODE_SIGN_STYLE = Automatic;
				DEVELOPMENT_TEAM = R83CBV3LY4;
				INFOPLIST_FILE = HadithEnglish/Info.plist;
				LD_RUNPATH_SEARCH_PATHS = "$(inherited) @executable_path/Frameworks";
				PRODUCT_BUNDLE_IDENTIFIER = nelibula.HadithEnglish;
				PRODUCT_NAME = "$(TARGET_NAME)";
				SWIFT_VERSION = 5.0;
				TARGETED_DEVICE_FAMILY = "1,2";
			};
			name = Debug;
		};
		63B2E4E02049A9AD001513AD /* Release */ = {
			isa = XCBuildConfiguration;
			buildSettings = {
				ASSETCATALOG_COMPILER_APPICON_NAME = AppIcon;
				CODE_SIGN_STYLE = Automatic;
				DEVELOPMENT_TEAM = R83CBV3LY4;
				INFOPLIST_FILE = HadithEnglish/Info.plist;
				LD_RUNPATH_SEARCH_PATHS = "$(inherited) @executable_path/Frameworks";
				PRODUCT_BUNDLE_IDENTIFIER = nelibula.HadithEnglish;
				PRODUCT_NAME = "$(TARGET_NAME)";
				SWIFT_VERSION = 5.0;
				TARGETED_DEVICE_FAMILY = "1,2";
			};
			name = Release;
		};
/* End XCBuildConfiguration section */

/* Begin XCConfigurationList section */
		63B2E4C42049A9AD001513AD /* Build configuration list for PBXProject "HadithEnglish" */ = {
			isa = XCConfigurationList;
			buildConfigurations = (
				63B2E4DC2049A9AD001513AD /* Debug */,
				63B2E4DD2049A9AD001513AD /* Release */,
			);
			defaultConfigurationIsVisible = 0;
			defaultConfigurationName = Release;
		};
		63B2E4DE2049A9AD001513AD /* Build configuration list for PBXNativeTarget "HadithEnglish" */ = {
			isa = XCConfigurationList;
			buildConfigurations = (
				63B2E4DF2049A9AD001513AD /* Debug */,
				63B2E4E02049A9AD001513AD /* Release */,
			);
			defaultConfigurationIsVisible = 0;
			defaultConfigurationName = Release;
		};
/* End XCConfigurationList section */
	};
	rootObject = 63B2E4C12049A9AD001513AD /* Project object */;
}
